
Microsoft Visual Studio Solution File, Format Version 12.00
# Visual Studio Version 16
VisualStudioVersion = 16.0.30804.86
MinimumVisualStudioVersion = 10.0.40219.1
Project("{FAE04EC0-301F-11D3-BF4B-00C04F79EFBC}") = "Lyntia", "Lyntia.csproj", "{69782C04-A518-4BF6-96D9-43CBFAA01DEC}"
EndProject
Global
	GlobalSection(SolutionConfigurationPlatforms) = preSolution
		Debug|Any CPU = Debug|Any CPU
		Release|Any CPU = Release|Any CPU
	EndGlobalSection
	GlobalSection(ProjectConfigurationPlatforms) = postSolution
		{69782C04-A518-4BF6-96D9-43CBFAA01DEC}.Debug|Any CPU.ActiveCfg = Debug|Any CPU
		{69782C04-A518-4BF6-96D9-43CBFAA01DEC}.Debug|Any CPU.Build.0 = Debug|Any CPU
		{69782C04-A518-4BF6-96D9-43CBFAA01DEC}.Release|Any CPU.ActiveCfg = Release|Any CPU
		{69782C04-A518-4BF6-96D9-43CBFAA01DEC}.Release|Any CPU.Build.0 = Release|Any CPU
	EndGlobalSection
	GlobalSection(SolutionProperties) = preSolution
		HideSolutionNode = FALSE
	EndGlobalSection
	GlobalSection(ExtensibilityGlobals) = postSolution
		SolutionGuid = {F7A26F94-7C74-4FD8-A7A7-E38936CE6B1C}
	EndGlobalSection
EndGlobal
